{
    "name": "php-invest",
    "lockfileVersion": 2,
    "requires": true,
    "packages": {
        "": {
            "name": "php-invest",
            "dependencies": {
                "bootstrap": "^5.1.0",
                "bootstrap-icons": "^1.8.0",
                "chart.js": "^3.7.0",
                "chartjs-adapter-moment": "^1.0.0",
                "chartjs-plugin-zoom": "^1.2.0",
                "datatables.net": "^1.12",
                "datatables.net-bs5": "^1.12",
                "flag-icons": "^6.4.0",
                "jquery": "^3.6.0",
                "moment": "^2.29.0"
            }
        },
        "node_modules/@popperjs/core": {
            "version": "2.11.5",
            "resolved": "https://registry.npmjs.org/@popperjs/core/-/core-2.11.5.tgz",
            "integrity": "sha512-9X2obfABZuDVLCgPK9aX0a/x4jaOEweTTWE2+9sr0Qqqevj2Uv5XorvusThmc9XGYpS9yI+fhh8RTafBtGposw==",
            "peer": true,
            "funding": {
                "type": "opencollective",
                "url": "https://opencollective.com/popperjs"
            }
        },
        "node_modules/bootstrap": {
            "version": "5.1.3",
            "resolved": "https://registry.npmjs.org/bootstrap/-/bootstrap-5.1.3.tgz",
            "integrity": "sha512-fcQztozJ8jToQWXxVuEyXWW+dSo8AiXWKwiSSrKWsRB/Qt+Ewwza+JWoLKiTuQLaEPhdNAJ7+Dosc9DOIqNy7Q==",
            "funding": {
                "type": "opencollective",
                "url": "https://opencollective.com/bootstrap"
            },
            "peerDependencies": {
                "@popperjs/core": "^2.10.2"
            }
        },
        "node_modules/bootstrap-icons": {
            "version": "1.8.3",
            "resolved": "https://registry.npmjs.org/bootstrap-icons/-/bootstrap-icons-1.8.3.tgz",
            "integrity": "sha512-s5kmttnbq4BXbx3Bwnj39y+t7Vc3blTtyD77W3aYQ1LlNoS3lNbbGvSYhIbg26Im8KmjScyFpHEevlPOBcIDdA=="
        },
        "node_modules/chart.js": {
            "version": "3.7.1",
            "resolved": "https://registry.npmjs.org/chart.js/-/chart.js-3.7.1.tgz",
            "integrity": "sha512-8knRegQLFnPQAheZV8MjxIXc5gQEfDFD897BJgv/klO/vtIyFFmgMXrNfgrXpbTr/XbTturxRgxIXx/Y+ASJBA=="
        },
        "node_modules/chartjs-adapter-moment": {
            "version": "1.0.0",
            "resolved": "https://registry.npmjs.org/chartjs-adapter-moment/-/chartjs-adapter-moment-1.0.0.tgz",
            "integrity": "sha512-PqlerEvQcc5hZLQ/NQWgBxgVQ4TRdvkW3c/t+SUEQSj78ia3hgLkf2VZ2yGJtltNbEEFyYGm+cA6XXevodYvWA==",
            "peerDependencies": {
                "chart.js": "^3.0.0",
                "moment": "^2.10.2"
            }
        },
        "node_modules/chartjs-plugin-zoom": {
            "version": "1.2.1",
            "resolved": "https://registry.npmjs.org/chartjs-plugin-zoom/-/chartjs-plugin-zoom-1.2.1.tgz",
            "integrity": "sha512-2zbWvw2pljrtMLMXkKw1uxYzAne5PtjJiOZftcut4Lo3Ee8qUt95RpMKDWrZ+pBZxZKQKOD/etdU4pN2jxZUmg==",
            "dependencies": {
                "hammerjs": "^2.0.8"
            },
            "peerDependencies": {
                "chart.js": "^3.2.0"
            }
        },
        "node_modules/datatables.net": {
            "version": "1.12.1",
            "resolved": "https://registry.npmjs.org/datatables.net/-/datatables.net-1.12.1.tgz",
            "integrity": "sha512-e6XAMUoV41JdQPS/r9YRfRcmTPcCVvyZbWI+xog1Zg+kjVliMQbEkvWK5XFItmi64Cvwg+IqsZbTUJ1KSY3umA==",
            "dependencies": {
                "jquery": ">=1.7"
            }
        },
        "node_modules/datatables.net-bs5": {
            "version": "1.12.1",
            "resolved": "https://registry.npmjs.org/datatables.net-bs5/-/datatables.net-bs5-1.12.1.tgz",
            "integrity": "sha512-CcQCImfmH4YZk7I0aC0kTiNPyfHJ2ueGgOh/kFB9KqsZD8bNJy2A88gC6hn9A7TbmmenOL+K3Q1ti7G8yqi8SQ==",
            "dependencies": {
                "datatables.net": ">=1.11.3",
                "jquery": ">=1.7"
            }
        },
        "node_modules/flag-icons": {
            "version": "6.4.4",
            "resolved": "https://registry.npmjs.org/flag-icons/-/flag-icons-6.4.4.tgz",
            "integrity": "sha512-NGA8F1+MWg0Scmo/6DZcUnfEE1/8Pe/zYiyALsKF1iHVdugacdteldsLU+v6hpX0sLv42u7CNnh3oEBbaTSCoA=="
        },
        "node_modules/hammerjs": {
            "version": "2.0.8",
            "resolved": "https://registry.npmjs.org/hammerjs/-/hammerjs-2.0.8.tgz",
            "integrity": "sha512-tSQXBXS/MWQOn/RKckawJ61vvsDpCom87JgxiYdGwHdOa0ht0vzUWDlfioofFCRU0L+6NGDt6XzbgoJvZkMeRQ==",
            "engines": {
                "node": ">=0.8.0"
            }
        },
        "node_modules/jquery": {
            "version": "3.6.0",
            "resolved": "https://registry.npmjs.org/jquery/-/jquery-3.6.0.tgz",
            "integrity": "sha512-JVzAR/AjBvVt2BmYhxRCSYysDsPcssdmTFnzyLEts9qNwmjmu4JTAMYubEfwVOSwpQ1I1sKKFcxhZCI2buerfw=="
        },
        "node_modules/moment": {
            "version": "2.29.3",
            "resolved": "https://registry.npmjs.org/moment/-/moment-2.29.3.tgz",
            "integrity": "sha512-c6YRvhEo//6T2Jz/vVtYzqBzwvPT95JBQ+smCytzf7c50oMZRsR/a4w88aD34I+/QVSfnoAnSBFPJHItlOMJVw==",
            "engines": {
                "node": "*"
            }
        }
    },
    "dependencies": {
        "@popperjs/core": {
            "version": "2.11.5",
            "resolved": "https://registry.npmjs.org/@popperjs/core/-/core-2.11.5.tgz",
            "integrity": "sha512-9X2obfABZuDVLCgPK9aX0a/x4jaOEweTTWE2+9sr0Qqqevj2Uv5XorvusThmc9XGYpS9yI+fhh8RTafBtGposw==",
            "peer": true
        },
        "bootstrap": {
            "version": "5.1.3",
            "resolved": "https://registry.npmjs.org/bootstrap/-/bootstrap-5.1.3.tgz",
            "integrity": "sha512-fcQztozJ8jToQWXxVuEyXWW+dSo8AiXWKwiSSrKWsRB/Qt+Ewwza+JWoLKiTuQLaEPhdNAJ7+Dosc9DOIqNy7Q==",
            "requires": {}
        },
        "bootstrap-icons": {
            "version": "1.8.3",
            "resolved": "https://registry.npmjs.org/bootstrap-icons/-/bootstrap-icons-1.8.3.tgz",
            "integrity": "sha512-s5kmttnbq4BXbx3Bwnj39y+t7Vc3blTtyD77W3aYQ1LlNoS3lNbbGvSYhIbg26Im8KmjScyFpHEevlPOBcIDdA=="
        },
        "chart.js": {
            "version": "3.7.1",
            "resolved": "https://registry.npmjs.org/chart.js/-/chart.js-3.7.1.tgz",
            "integrity": "sha512-8knRegQLFnPQAheZV8MjxIXc5gQEfDFD897BJgv/klO/vtIyFFmgMXrNfgrXpbTr/XbTturxRgxIXx/Y+ASJBA=="
        },
        "chartjs-adapter-moment": {
            "version": "1.0.0",
            "resolved": "https://registry.npmjs.org/chartjs-adapter-moment/-/chartjs-adapter-moment-1.0.0.tgz",
            "integrity": "sha512-PqlerEvQcc5hZLQ/NQWgBxgVQ4TRdvkW3c/t+SUEQSj78ia3hgLkf2VZ2yGJtltNbEEFyYGm+cA6XXevodYvWA==",
            "requires": {}
        },
        "chartjs-plugin-zoom": {
            "version": "1.2.1",
            "resolved": "https://registry.npmjs.org/chartjs-plugin-zoom/-/chartjs-plugin-zoom-1.2.1.tgz",
            "integrity": "sha512-2zbWvw2pljrtMLMXkKw1uxYzAne5PtjJiOZftcut4Lo3Ee8qUt95RpMKDWrZ+pBZxZKQKOD/etdU4pN2jxZUmg==",
            "requires": {
                "hammerjs": "^2.0.8"
            }
        },
        "datatables.net": {
            "version": "1.12.1",
            "resolved": "https://registry.npmjs.org/datatables.net/-/datatables.net-1.12.1.tgz",
            "integrity": "sha512-e6XAMUoV41JdQPS/r9YRfRcmTPcCVvyZbWI+xog1Zg+kjVliMQbEkvWK5XFItmi64Cvwg+IqsZbTUJ1KSY3umA==",
            "requires": {
                "jquery": ">=1.7"
            }
        },
        "datatables.net-bs5": {
            "version": "1.12.1",
            "resolved": "https://registry.npmjs.org/datatables.net-bs5/-/datatables.net-bs5-1.12.1.tgz",
            "integrity": "sha512-CcQCImfmH4YZk7I0aC0kTiNPyfHJ2ueGgOh/kFB9KqsZD8bNJy2A88gC6hn9A7TbmmenOL+K3Q1ti7G8yqi8SQ==",
            "requires": {
                "datatables.net": ">=1.11.3",
                "jquery": ">=1.7"
            }
        },
        "flag-icons": {
            "version": "6.4.4",
            "resolved": "https://registry.npmjs.org/flag-icons/-/flag-icons-6.4.4.tgz",
            "integrity": "sha512-NGA8F1+MWg0Scmo/6DZcUnfEE1/8Pe/zYiyALsKF1iHVdugacdteldsLU+v6hpX0sLv42u7CNnh3oEBbaTSCoA=="
        },
        "hammerjs": {
            "version": "2.0.8",
            "resolved": "https://registry.npmjs.org/hammerjs/-/hammerjs-2.0.8.tgz",
            "integrity": "sha512-tSQXBXS/MWQOn/RKckawJ61vvsDpCom87JgxiYdGwHdOa0ht0vzUWDlfioofFCRU0L+6NGDt6XzbgoJvZkMeRQ=="
        },
        "jquery": {
            "version": "3.6.0",
            "resolved": "https://registry.npmjs.org/jquery/-/jquery-3.6.0.tgz",
            "integrity": "sha512-JVzAR/AjBvVt2BmYhxRCSYysDsPcssdmTFnzyLEts9qNwmjmu4JTAMYubEfwVOSwpQ1I1sKKFcxhZCI2buerfw=="
        },
        "moment": {
            "version": "2.29.3",
            "resolved": "https://registry.npmjs.org/moment/-/moment-2.29.3.tgz",
            "integrity": "sha512-c6YRvhEo//6T2Jz/vVtYzqBzwvPT95JBQ+smCytzf7c50oMZRsR/a4w88aD34I+/QVSfnoAnSBFPJHItlOMJVw=="
        }
    }
}
