{
    "name": "php-invest",
    "lockfileVersion": 2,
    "requires": true,
    "packages": {
        "": {
            "name": "php-invest",
            "dependencies": {
                "bootstrap": "^5.2.0",
                "bootstrap-icons": "^1.10.0",
                "chart.js": "^3.7.0",
                "chartjs-adapter-moment": "^1.0.1",
                "chartjs-chart-financial": "^0.1.1",
                "chartjs-plugin-zoom": "^1.2.1",
                "datatables.net": "^1.12",
                "datatables.net-bs5": "^1.12",
                "flag-icons": "^6.6.0",
                "jquery": "^3.6.0",
                "moment": ">=2.29.4"
            }
        },
        "node_modules/@popperjs/core": {
            "version": "2.11.6",
            "resolved": "https://registry.npmjs.org/@popperjs/core/-/core-2.11.6.tgz",
            "integrity": "sha512-50/17A98tWUfQ176raKiOGXuYpLyyVMkxxG6oylzL3BPOlA6ADGdK7EYunSa4I064xerltq9TGXs8HmOk5E+vw==",
            "peer": true,
            "funding": {
                "type": "opencollective",
                "url": "https://opencollective.com/popperjs"
            }
        },
        "node_modules/bootstrap": {
            "version": "5.2.3",
            "resolved": "https://registry.npmjs.org/bootstrap/-/bootstrap-5.2.3.tgz",
            "integrity": "sha512-cEKPM+fwb3cT8NzQZYEu4HilJ3anCrWqh3CHAok1p9jXqMPsPTBhU25fBckEJHJ/p+tTxTFTsFQGM+gaHpi3QQ==",
            "funding": [
                {
                    "type": "github",
                    "url": "https://github.com/sponsors/twbs"
                },
                {
                    "type": "opencollective",
                    "url": "https://opencollective.com/bootstrap"
                }
            ],
            "peerDependencies": {
                "@popperjs/core": "^2.11.6"
            }
        },
        "node_modules/bootstrap-icons": {
            "version": "1.10.3",
            "resolved": "https://registry.npmjs.org/bootstrap-icons/-/bootstrap-icons-1.10.3.tgz",
            "integrity": "sha512-7Qvj0j0idEm/DdX9Q0CpxAnJYqBCFCiUI6qzSPYfERMcokVuV9Mdm/AJiVZI8+Gawe4h/l6zFcOzvV7oXCZArw=="
        },
        "node_modules/chart.js": {
            "version": "3.9.1",
            "resolved": "https://registry.npmjs.org/chart.js/-/chart.js-3.9.1.tgz",
            "integrity": "sha512-Ro2JbLmvg83gXF5F4sniaQ+lTbSv18E+TIf2cOeiH1Iqd2PGFOtem+DUufMZsCJwFE7ywPOpfXFBwRTGq7dh6w=="
        },
        "node_modules/chartjs-adapter-moment": {
            "version": "1.0.1",
            "resolved": "https://registry.npmjs.org/chartjs-adapter-moment/-/chartjs-adapter-moment-1.0.1.tgz",
            "integrity": "sha512-Uz+nTX/GxocuqXpGylxK19YG4R3OSVf8326D+HwSTsNw1LgzyIGRo+Qujwro1wy6X+soNSnfj5t2vZ+r6EaDmA==",
            "peerDependencies": {
                "chart.js": ">=3.0.0",
                "moment": "^2.10.2"
            }
        },
        "node_modules/chartjs-chart-financial": {
            "version": "0.1.1",
            "resolved": "https://registry.npmjs.org/chartjs-chart-financial/-/chartjs-chart-financial-0.1.1.tgz",
            "integrity": "sha512-NTmUi48efAs5PT2OwM0PsM3izxMRA5Pv9lpEB5kWhClyiGMcZTq4/wsBZTr/HYMDdmkYcBD9Lm1Nlo/jyT2Dyg==",
            "peerDependencies": {
                "chart.js": "^3.2.0"
            }
        },
        "node_modules/chartjs-plugin-zoom": {
            "version": "1.2.1",
            "resolved": "https://registry.npmjs.org/chartjs-plugin-zoom/-/chartjs-plugin-zoom-1.2.1.tgz",
            "integrity": "sha512-2zbWvw2pljrtMLMXkKw1uxYzAne5PtjJiOZftcut4Lo3Ee8qUt95RpMKDWrZ+pBZxZKQKOD/etdU4pN2jxZUmg==",
            "dependencies": {
                "hammerjs": "^2.0.8"
            },
            "peerDependencies": {
                "chart.js": "^3.2.0"
            }
        },
        "node_modules/datatables.net": {
            "version": "1.13.2",
            "resolved": "https://registry.npmjs.org/datatables.net/-/datatables.net-1.13.2.tgz",
            "integrity": "sha512-u5nOU+C9SBp1SyPmd6G+niozZtrBwo1E8xzdOk3JJaAkFYgX/KxF3Gd79R8YLbUfmIs2OLnLe5gaz/qs5U8UDA==",
            "dependencies": {
                "jquery": ">=1.7"
            }
        },
        "node_modules/datatables.net-bs5": {
            "version": "1.13.2",
            "resolved": "https://registry.npmjs.org/datatables.net-bs5/-/datatables.net-bs5-1.13.2.tgz",
            "integrity": "sha512-p1JOXFi+VD4wS0AxRmJPHBylJ8AC4xGJ3j0TZ+8hMspuZ+QvAhEqEPt8OEAGVzlN1ElfQimZjBeAoES/9nsuig==",
            "dependencies": {
                "datatables.net": ">=1.12.1",
                "jquery": ">=1.7"
            }
        },
        "node_modules/flag-icons": {
            "version": "6.6.6",
            "resolved": "https://registry.npmjs.org/flag-icons/-/flag-icons-6.6.6.tgz",
            "integrity": "sha512-4lHDKxldnQ7q617pf9Dx9nAetT+9zcMpUexbRrc9kjLw9KJgZ83zA5Dky3Vv7ZDzUjAiZ46x/cy5P0HnEnqA2A=="
        },
        "node_modules/hammerjs": {
            "version": "2.0.8",
            "resolved": "https://registry.npmjs.org/hammerjs/-/hammerjs-2.0.8.tgz",
            "integrity": "sha512-tSQXBXS/MWQOn/RKckawJ61vvsDpCom87JgxiYdGwHdOa0ht0vzUWDlfioofFCRU0L+6NGDt6XzbgoJvZkMeRQ==",
            "engines": {
                "node": ">=0.8.0"
            }
        },
        "node_modules/jquery": {
            "version": "3.6.3",
            "resolved": "https://registry.npmjs.org/jquery/-/jquery-3.6.3.tgz",
            "integrity": "sha512-bZ5Sy3YzKo9Fyc8wH2iIQK4JImJ6R0GWI9kL1/k7Z91ZBNgkRXE6U0JfHIizZbort8ZunhSI3jw9I6253ahKfg=="
        },
        "node_modules/moment": {
            "version": "2.29.4",
            "resolved": "https://registry.npmjs.org/moment/-/moment-2.29.4.tgz",
            "integrity": "sha512-5LC9SOxjSc2HF6vO2CyuTDNivEdoz2IvyJJGj6X8DJ0eFyfszE0QiEd+iXmBvUP3WHxSjFH/vIsA0EN00cgr8w==",
            "engines": {
                "node": "*"
            }
        }
    },
    "dependencies": {
        "@popperjs/core": {
            "version": "2.11.6",
            "resolved": "https://registry.npmjs.org/@popperjs/core/-/core-2.11.6.tgz",
            "integrity": "sha512-50/17A98tWUfQ176raKiOGXuYpLyyVMkxxG6oylzL3BPOlA6ADGdK7EYunSa4I064xerltq9TGXs8HmOk5E+vw==",
            "peer": true
        },
        "bootstrap": {
            "version": "5.2.3",
            "resolved": "https://registry.npmjs.org/bootstrap/-/bootstrap-5.2.3.tgz",
            "integrity": "sha512-cEKPM+fwb3cT8NzQZYEu4HilJ3anCrWqh3CHAok1p9jXqMPsPTBhU25fBckEJHJ/p+tTxTFTsFQGM+gaHpi3QQ==",
            "requires": {}
        },
        "bootstrap-icons": {
            "version": "1.10.3",
            "resolved": "https://registry.npmjs.org/bootstrap-icons/-/bootstrap-icons-1.10.3.tgz",
            "integrity": "sha512-7Qvj0j0idEm/DdX9Q0CpxAnJYqBCFCiUI6qzSPYfERMcokVuV9Mdm/AJiVZI8+Gawe4h/l6zFcOzvV7oXCZArw=="
        },
        "chart.js": {
            "version": "3.9.1",
            "resolved": "https://registry.npmjs.org/chart.js/-/chart.js-3.9.1.tgz",
            "integrity": "sha512-Ro2JbLmvg83gXF5F4sniaQ+lTbSv18E+TIf2cOeiH1Iqd2PGFOtem+DUufMZsCJwFE7ywPOpfXFBwRTGq7dh6w=="
        },
        "chartjs-adapter-moment": {
            "version": "1.0.1",
            "resolved": "https://registry.npmjs.org/chartjs-adapter-moment/-/chartjs-adapter-moment-1.0.1.tgz",
            "integrity": "sha512-Uz+nTX/GxocuqXpGylxK19YG4R3OSVf8326D+HwSTsNw1LgzyIGRo+Qujwro1wy6X+soNSnfj5t2vZ+r6EaDmA==",
            "requires": {}
        },
        "chartjs-chart-financial": {
            "version": "0.1.1",
            "resolved": "https://registry.npmjs.org/chartjs-chart-financial/-/chartjs-chart-financial-0.1.1.tgz",
            "integrity": "sha512-NTmUi48efAs5PT2OwM0PsM3izxMRA5Pv9lpEB5kWhClyiGMcZTq4/wsBZTr/HYMDdmkYcBD9Lm1Nlo/jyT2Dyg==",
            "requires": {}
        },
        "chartjs-plugin-zoom": {
            "version": "1.2.1",
            "resolved": "https://registry.npmjs.org/chartjs-plugin-zoom/-/chartjs-plugin-zoom-1.2.1.tgz",
            "integrity": "sha512-2zbWvw2pljrtMLMXkKw1uxYzAne5PtjJiOZftcut4Lo3Ee8qUt95RpMKDWrZ+pBZxZKQKOD/etdU4pN2jxZUmg==",
            "requires": {
                "hammerjs": "^2.0.8"
            }
        },
        "datatables.net": {
            "version": "1.13.2",
            "resolved": "https://registry.npmjs.org/datatables.net/-/datatables.net-1.13.2.tgz",
            "integrity": "sha512-u5nOU+C9SBp1SyPmd6G+niozZtrBwo1E8xzdOk3JJaAkFYgX/KxF3Gd79R8YLbUfmIs2OLnLe5gaz/qs5U8UDA==",
            "requires": {
                "jquery": ">=1.7"
            }
        },
        "datatables.net-bs5": {
            "version": "1.13.2",
            "resolved": "https://registry.npmjs.org/datatables.net-bs5/-/datatables.net-bs5-1.13.2.tgz",
            "integrity": "sha512-p1JOXFi+VD4wS0AxRmJPHBylJ8AC4xGJ3j0TZ+8hMspuZ+QvAhEqEPt8OEAGVzlN1ElfQimZjBeAoES/9nsuig==",
            "requires": {
                "datatables.net": ">=1.12.1",
                "jquery": ">=1.7"
            }
        },
        "flag-icons": {
            "version": "6.6.6",
            "resolved": "https://registry.npmjs.org/flag-icons/-/flag-icons-6.6.6.tgz",
            "integrity": "sha512-4lHDKxldnQ7q617pf9Dx9nAetT+9zcMpUexbRrc9kjLw9KJgZ83zA5Dky3Vv7ZDzUjAiZ46x/cy5P0HnEnqA2A=="
        },
        "hammerjs": {
            "version": "2.0.8",
            "resolved": "https://registry.npmjs.org/hammerjs/-/hammerjs-2.0.8.tgz",
            "integrity": "sha512-tSQXBXS/MWQOn/RKckawJ61vvsDpCom87JgxiYdGwHdOa0ht0vzUWDlfioofFCRU0L+6NGDt6XzbgoJvZkMeRQ=="
        },
        "jquery": {
            "version": "3.6.3",
            "resolved": "https://registry.npmjs.org/jquery/-/jquery-3.6.3.tgz",
            "integrity": "sha512-bZ5Sy3YzKo9Fyc8wH2iIQK4JImJ6R0GWI9kL1/k7Z91ZBNgkRXE6U0JfHIizZbort8ZunhSI3jw9I6253ahKfg=="
        },
        "moment": {
            "version": "2.29.4",
            "resolved": "https://registry.npmjs.org/moment/-/moment-2.29.4.tgz",
            "integrity": "sha512-5LC9SOxjSc2HF6vO2CyuTDNivEdoz2IvyJJGj6X8DJ0eFyfszE0QiEd+iXmBvUP3WHxSjFH/vIsA0EN00cgr8w=="
        }
    }
}
